
Microsoft Visual Studio Solution File, Format Version 12.00
# Visual Studio 15
Project("{FAE04EC0-301F-11D3-BF4B-00C04F79EFBC}") = "MerryYellow.CodeAssist.Editor", "MerryYellow.CodeAssist.Editor.csproj", "{E07BB4A8-F077-F2D8-6A9A-50FD5DD0C90C}"
EndProject
Project("{FAE04EC0-301F-11D3-BF4B-00C04F79EFBC}") = "Assembly-CSharp", "Assembly-CSharp.csproj", "{1E658289-4AE9-FE56-ECC4-AF33DE283E40}"
EndProject
Global
	GlobalSection(SolutionConfigurationPlatforms) = preSolution
		Debug|Any CPU = Debug|Any CPU
		Release|Any CPU = Release|Any CPU
	EndGlobalSection
	GlobalSection(ProjectConfigurationPlatforms) = postSolution
		{E07BB4A8-F077-F2D8-6A9A-50FD5DD0C90C}.Debug|Any CPU.ActiveCfg = Debug|Any CPU
		{E07BB4A8-F077-F2D8-6A9A-50FD5DD0C90C}.Debug|Any CPU.Build.0 = Debug|Any CPU
		{E07BB4A8-F077-F2D8-6A9A-50FD5DD0C90C}.Release|Any CPU.ActiveCfg = Release|Any CPU
		{E07BB4A8-F077-F2D8-6A9A-50FD5DD0C90C}.Release|Any CPU.Build.0 = Release|Any CPU
		{1E658289-4AE9-FE56-ECC4-AF33DE283E40}.Debug|Any CPU.ActiveCfg = Debug|Any CPU
		{1E658289-4AE9-FE56-ECC4-AF33DE283E40}.Debug|Any CPU.Build.0 = Debug|Any CPU
		{1E658289-4AE9-FE56-ECC4-AF33DE283E40}.Release|Any CPU.ActiveCfg = Release|Any CPU
		{1E658289-4AE9-FE56-ECC4-AF33DE283E40}.Release|Any CPU.Build.0 = Release|Any CPU
	EndGlobalSection
	GlobalSection(SolutionProperties) = preSolution
		HideSolutionNode = FALSE
	EndGlobalSection
EndGlobal
